
Microsoft Visual Studio Solution File, Format Version 12.00
# Visual Studio Version 17
VisualStudioVersion = 17.14.36518.9 d17.14
MinimumVisualStudioVersion = 10.0.40219.1
Project("{FAE04EC0-301F-11D3-BF4B-00C04F79EFBC}") = "TestHyGCasa.Shared", "TestHyHCasa.Shared\TestHyGCasa.Shared.csproj", "{1E7C01FA-1105-4ABF-8699-E5E51C94B338}"
EndProject
Project("{FAE04EC0-301F-11D3-BF4B-00C04F79EFBC}") = "TestHyGCasa.API", "TestHyGCasa.API\TestHyGCasa.API.csproj", "{BEB1E5A1-4591-4C3B-B860-967566F992BD}"
EndProject
Project("{2150E333-8FDC-42A3-9474-1A3956D46DE8}") = "Solution Items", "Solution Items", "{8EC462FD-D22E-90A8-E5CE-7E832BA40C5D}"
	ProjectSection(SolutionItems) = preProject
		.gitignore = .gitignore
	EndProjectSection
EndProject
Global
	GlobalSection(SolutionConfigurationPlatforms) = preSolution
		Debug|Any CPU = Debug|Any CPU
		Release|Any CPU = Release|Any CPU
	EndGlobalSection
	GlobalSection(ProjectConfigurationPlatforms) = postSolution
		{1E7C01FA-1105-4ABF-8699-E5E51C94B338}.Debug|Any CPU.ActiveCfg = Debug|Any CPU
		{1E7C01FA-1105-4ABF-8699-E5E51C94B338}.Debug|Any CPU.Build.0 = Debug|Any CPU
		{1E7C01FA-1105-4ABF-8699-E5E51C94B338}.Release|Any CPU.ActiveCfg = Release|Any CPU
		{1E7C01FA-1105-4ABF-8699-E5E51C94B338}.Release|Any CPU.Build.0 = Release|Any CPU
		{BEB1E5A1-4591-4C3B-B860-967566F992BD}.Debug|Any CPU.ActiveCfg = Debug|Any CPU
		{BEB1E5A1-4591-4C3B-B860-967566F992BD}.Debug|Any CPU.Build.0 = Debug|Any CPU
		{BEB1E5A1-4591-4C3B-B860-967566F992BD}.Release|Any CPU.ActiveCfg = Release|Any CPU
		{BEB1E5A1-4591-4C3B-B860-967566F992BD}.Release|Any CPU.Build.0 = Release|Any CPU
	EndGlobalSection
	GlobalSection(SolutionProperties) = preSolution
		HideSolutionNode = FALSE
	EndGlobalSection
	GlobalSection(ExtensibilityGlobals) = postSolution
		SolutionGuid = {85516FF5-3C1D-4E34-91EB-2A2EDAC5F7B7}
	EndGlobalSection
EndGlobal
